
Microsoft Visual Studio Solution File, Format Version 12.00
# Visual Studio Version 16
VisualStudioVersion = 16.0.29728.190
MinimumVisualStudioVersion = 10.0.40219.1
Project("{FAE04EC0-301F-11D3-BF4B-00C04F79EFBC}") = "cssbEx02_RecursiveMethods", "cssbEx02_RecursiveMethods.csproj", "{0AC82874-3F45-4D20-A842-02888B0066A3}"
EndProject
Global
	GlobalSection(SolutionConfigurationPlatforms) = preSolution
		Debug|Any CPU = Debug|Any CPU
		Release|Any CPU = Release|Any CPU
	EndGlobalSection
	GlobalSection(ProjectConfigurationPlatforms) = postSolution
		{0AC82874-3F45-4D20-A842-02888B0066A3}.Debug|Any CPU.ActiveCfg = Debug|Any CPU
		{0AC82874-3F45-4D20-A842-02888B0066A3}.Debug|Any CPU.Build.0 = Debug|Any CPU
		{0AC82874-3F45-4D20-A842-02888B0066A3}.Release|Any CPU.ActiveCfg = Release|Any CPU
		{0AC82874-3F45-4D20-A842-02888B0066A3}.Release|Any CPU.Build.0 = Release|Any CPU
	EndGlobalSection
	GlobalSection(SolutionProperties) = preSolution
		HideSolutionNode = FALSE
	EndGlobalSection
	GlobalSection(ExtensibilityGlobals) = postSolution
		SolutionGuid = {45CB24A5-8A55-4483-AEA5-8E186E15F694}
	EndGlobalSection
EndGlobal
