
Microsoft Visual Studio Solution File, Format Version 12.00
# Visual Studio Version 16
VisualStudioVersion = 16.0.29709.97
MinimumVisualStudioVersion = 10.0.40219.1
Project("{FAE04EC0-301F-11D3-BF4B-00C04F79EFBC}") = "cssbs-quiz02", "cssbs-quiz02.csproj", "{480912BE-2A54-48ED-9E3B-811E12C01C37}"
EndProject
Global
	GlobalSection(SolutionConfigurationPlatforms) = preSolution
		Debug|Any CPU = Debug|Any CPU
		Release|Any CPU = Release|Any CPU
	EndGlobalSection
	GlobalSection(ProjectConfigurationPlatforms) = postSolution
		{480912BE-2A54-48ED-9E3B-811E12C01C37}.Debug|Any CPU.ActiveCfg = Debug|Any CPU
		{480912BE-2A54-48ED-9E3B-811E12C01C37}.Debug|Any CPU.Build.0 = Debug|Any CPU
		{480912BE-2A54-48ED-9E3B-811E12C01C37}.Release|Any CPU.ActiveCfg = Release|Any CPU
		{480912BE-2A54-48ED-9E3B-811E12C01C37}.Release|Any CPU.Build.0 = Release|Any CPU
	EndGlobalSection
	GlobalSection(SolutionProperties) = preSolution
		HideSolutionNode = FALSE
	EndGlobalSection
	GlobalSection(ExtensibilityGlobals) = postSolution
		SolutionGuid = {66DF2BF6-261F-4EEE-991A-422D9A3C357D}
	EndGlobalSection
EndGlobal
